lockfileVersion: 5.4

specifiers:
  '@architect/functions': ^5.2.2
  '@yodata/logger': ^2.1.6

dependencies:
  '@architect/functions': 5.2.2
  '@yodata/logger': 2.1.6

packages:

  /@architect/functions/5.2.2:
    resolution: {integrity: sha512-UoA7T23XaGZxJaEhFh31vPhbu1yXsu/vI4Xi1b9CAuBX6Tao2kXjLZubiZ5PGWjqFiCOrxf33nepm2DBQC5ZYA==}
    engines: {node: '>=12'}
    dependencies:
      cookie: 0.5.0
      cookie-signature: 1.2.0
      csrf: 3.1.0
      node-webtokens: 1.0.4
      run-parallel: 1.2.0
      run-waterfall: 1.1.7
      uid-safe: 2.1.5
    dev: false

  /@yodata/logger/2.1.6:
    resolution: {integrity: sha512-NtzJrQdPN2GSwrk8rL+8uP4piu+AjQ773VEJXQ36ICx8+Xh1M5TM6PalBghAEFWD7D3Ho3bU0rmV7ssjuOS4MA==}
    dependencies:
      fast-safe-stringify: 2.1.1
      kind-of: 6.0.3
    dev: false

  /cookie-signature/1.2.0:
    resolution: {integrity: sha512-R0BOPfLGTitaKhgKROKZQN6iyq2iDQcH1DOF8nJoaWapguX5bC2w+Q/I9NmmM5lfcvEarnLZr+cCvmEYYSXvYA==}
    engines: {node: '>=6.6.0'}
    dev: false

  /cookie/0.5.0:
    resolution: {integrity: sha512-YZ3GUyn/o8gfKJlnlX7g7xq4gyO6OSuhGPKaaGssGB2qgDUS0gPgtTvoyZLTt9Ab6dC4hfc9dV5arkvc/OCmrw==}
    engines: {node: '>= 0.6'}
    dev: false

  /csrf/3.1.0:
    resolution: {integrity: sha512-uTqEnCvWRk042asU6JtapDTcJeeailFy4ydOQS28bj1hcLnYRiqi8SsD2jS412AY1I/4qdOwWZun774iqywf9w==}
    engines: {node: '>= 0.8'}
    dependencies:
      rndm: 1.2.0
      tsscmp: 1.0.6
      uid-safe: 2.1.5
    dev: false

  /fast-safe-stringify/2.1.1:
    resolution: {integrity: sha512-W+KJc2dmILlPplD/H4K9l9LcAHAfPtP6BY84uVLXQ6Evcz9Lcg33Y2z1IVblT6xdY54PXYVHEv+0Wpq8Io6zkA==}
    dev: false

  /kind-of/6.0.3:
    resolution: {integrity: sha512-dcS1ul+9tmeD95T+x28/ehLgd9mENa3LsvDTtzm3vyBEO7RPptvAD+t44WVXaUjTBRcrpFeFlC8WCruUR456hw==}
    engines: {node: '>=0.10.0'}
    dev: false

  /node-webtokens/1.0.4:
    resolution: {integrity: sha512-Sla56CeSLWvPbwud2kogqf5edQtKNXZBtXDDpmOzAgNZjwETbK/Am6PXfs54iZPLBm8K8amZ9XWaCQwGqZmKyQ==}
    engines: {node: '>=6.6.0'}
    dev: false

  /queue-microtask/1.2.3:
    resolution: {integrity: sha512-NuaNSa6flKT5JaSYQzJok04JzTL1CA6aGhv5rfLW3PgqA+M2ChpZQnAC8h8i4ZFkBS8X5RqkDBHA7r4hej3K9A==}
    dev: false

  /random-bytes/1.0.0:
    resolution: {integrity: sha512-iv7LhNVO047HzYR3InF6pUcUsPQiHTM1Qal51DcGSuZFBil1aBBWG5eHPNek7bvILMaYJ/8RU1e8w1AMdHmLQQ==}
    engines: {node: '>= 0.8'}
    dev: false

  /rndm/1.2.0:
    resolution: {integrity: sha512-fJhQQI5tLrQvYIYFpOnFinzv9dwmR7hRnUz1XqP3OJ1jIweTNOd6aTO4jwQSgcBSFUB+/KHJxuGneime+FdzOw==}
    dev: false

  /run-parallel/1.2.0:
    resolution: {integrity: sha512-5l4VyZR86LZ/lDxZTR6jqL8AFE2S0IFLMP26AbjsLVADxHdhB/c0GUsH+y39UfCi3dzz8OlQuPmnaJOMoDHQBA==}
    dependencies:
      queue-microtask: 1.2.3
    dev: false

  /run-waterfall/1.1.7:
    resolution: {integrity: sha512-iFPgh7SatHXOG1ClcpdwHI63geV3Hc/iL6crGSyBlH2PY7Rm/za+zoKz6FfY/Qlw5K7JwSol8pseO8fN6CMhhQ==}
    dev: false

  /tsscmp/1.0.6:
    resolution: {integrity: sha512-LxhtAkPDTkVCMQjt2h6eBVY28KCjikZqZfMcC15YBeNjkgUpdCfBu5HoiOTDu86v6smE8yOjyEktJ8hlbANHQA==}
    engines: {node: '>=0.6.x'}
    dev: false

  /uid-safe/2.1.5:
    resolution: {integrity: sha512-KPHm4VL5dDXKz01UuEd88Df+KzynaohSL9fBh096KWAxSKZQDI2uBrVqtvRM4rwrIrRRKsdLNML/lnaaVSRioA==}
    engines: {node: '>= 0.8'}
    dependencies:
      random-bytes: 1.0.0
    dev: false
