{
  "name": "@yodata/solid-serverless-logger",
  "version": "0.0.10",
  "lockfileVersion": 1,
  "requires": true,
  "dependencies": {
    "@yodata/logger": {
      "version": "2.1.2",
      "resolved": "https://registry.npmjs.org/@yodata/logger/-/logger-2.1.2.tgz",
      "integrity": "sha512-upuzIonXc5yR4yt73TyetsZI4q8dxVp3PW0lRRRMPza+s53ZGpQD908dOgoaBmoZ5+h2s4OItFbjER5ZFp9cNw==",
      "requires": {
        "kind-of": "^6.0.3"
      }
    },
    "kind-of": {
      "version": "6.0.3",
      "resolved": "https://registry.npmjs.org/kind-of/-/kind-of-6.0.3.tgz",
      "integrity": "sha512-dcS1ul+9tmeD95T+x28/ehLgd9mENa3LsvDTtzm3vyBEO7RPptvAD+t44WVXaUjTBRcrpFeFlC8WCruUR456hw=="
    }
  }
}
