{
  "name": "@yodata/solid-serverless-logger",
  "version": "0.0.10",
  "lockfileVersion": 1,
  "requires": true,
  "dependencies": {
    "@yodata/logger": {
      "version": "2.0.9",
      "resolved": "https://registry.npmjs.org/@yodata/logger/-/logger-2.0.9.tgz",
      "integrity": "sha512-vrDvt0B3IsJTsPUE9yFJp6CfkMV6H15dxuaap7aIpD9J956aHL73vdXnuaIr03iNBdEERxEq/zccFArLf8/RTQ==",
      "requires": {
        "kind-of": "^6.0.3"
      }
    },
    "kind-of": {
      "version": "6.0.3",
      "resolved": "https://registry.npmjs.org/kind-of/-/kind-of-6.0.3.tgz",
      "integrity": "sha512-dcS1ul+9tmeD95T+x28/ehLgd9mENa3LsvDTtzm3vyBEO7RPptvAD+t44WVXaUjTBRcrpFeFlC8WCruUR456hw=="
    }
  }
}
